[root]
name = "gauge_rs"
version = "0.0.1"
dependencies = [
 "lazy_static 0.1.16 (registry+https://github.com/rust-lang/crates.io-index)",
 "protobuf 1.0.23 (registry+https://github.com/rust-lang/crates.io-index)",
 "rustc-serialize 0.3.19 (registry+https://github.com/rust-lang/crates.io-index)",
]

[[package]]
name = "lazy_static"
version = "0.1.16"
source = "registry+https://github.com/rust-lang/crates.io-index"

[[package]]
name = "protobuf"
version = "1.0.23"
source = "registry+https://github.com/rust-lang/crates.io-index"

[[package]]
name = "rustc-serialize"
version = "0.3.19"
source = "registry+https://github.com/rust-lang/crates.io-index"

